{
  "version": "5",
  "specifiers": {
    "jsr:@cliffy/ansi@1.0.0-rc.8": "1.0.0-rc.8",
    "jsr:@cliffy/ansi@^1.0.0-rc.8": "1.0.0-rc.8",
    "jsr:@cliffy/internal@1.0.0-rc.8": "1.0.0-rc.8",
    "jsr:@cliffy/keycode@1.0.0-rc.8": "1.0.0-rc.8",
    "jsr:@cliffy/prompt@^1.0.0-rc.8": "1.0.0-rc.8",
    "jsr:@std/assert@1": "1.0.17",
    "jsr:@std/assert@~1.0.6": "1.0.17",
    "jsr:@std/encoding@~1.0.5": "1.0.10",
    "jsr:@std/fmt@~1.0.2": "1.0.9",
    "jsr:@std/internal@^1.0.12": "1.0.12",
    "jsr:@std/io@~0.224.9": "0.224.9",
    "jsr:@std/path@~1.0.6": "1.0.9",
    "jsr:@std/text@~1.0.7": "1.0.17"
  },
  "jsr": {
    "@cliffy/ansi@1.0.0-rc.8": {
      "integrity": "ba37f10ce55bbfbdd8ddd987f91f029b17bce88385b98ba3058870f3b007b80c",
      "dependencies": [
        "jsr:@cliffy/internal",
        "jsr:@std/encoding",
        "jsr:@std/fmt",
        "jsr:@std/io"
      ]
    },
    "@cliffy/internal@1.0.0-rc.8": {
      "integrity": "34cdf2fad9b084b5aed493b138d573f52d4e988767215f7460daf0b918ff43d8"
    },
    "@cliffy/keycode@1.0.0-rc.8": {
      "integrity": "76dbf85a67ec0aea2e29ca049b8507b6b3f62a2a971bd744d8d3fc447c177cd9"
    },
    "@cliffy/prompt@1.0.0-rc.8": {
      "integrity": "eba403ea1d47b9971bf2210fa35f4dc7ebd2aba87beec9540ae47552806e2f25",
      "dependencies": [
        "jsr:@cliffy/ansi@1.0.0-rc.8",
        "jsr:@cliffy/internal",
        "jsr:@cliffy/keycode",
        "jsr:@std/assert@~1.0.6",
        "jsr:@std/fmt",
        "jsr:@std/io",
        "jsr:@std/path",
        "jsr:@std/text"
      ]
    },
    "@std/assert@1.0.17": {
      "integrity": "df5ebfffe77c03b3fa1401e11c762cc8f603d51021c56c4d15a8c7ab45e90dbe",
      "dependencies": [
        "jsr:@std/internal"
      ]
    },
    "@std/encoding@1.0.10": {
      "integrity": "8783c6384a2d13abd5e9e87a7ae0520a30e9f56aeeaa3bdf910a3eaaf5c811a1"
    },
    "@std/fmt@1.0.9": {
      "integrity": "2487343e8899fb2be5d0e3d35013e54477ada198854e52dd05ed0422eddcabe0"
    },
    "@std/internal@1.0.12": {
      "integrity": "972a634fd5bc34b242024402972cd5143eac68d8dffaca5eaa4dba30ce17b027"
    },
    "@std/io@0.224.9": {
      "integrity": "4414664b6926f665102e73c969cfda06d2c4c59bd5d0c603fd4f1b1c840d6ee3"
    },
    "@std/path@1.0.9": {
      "integrity": "260a49f11edd3db93dd38350bf9cd1b4d1366afa98e81b86167b4e3dd750129e"
    },
    "@std/text@1.0.17": {
      "integrity": "4b2c4ef67ae5b6c1dfd447c81c83a43718f52e3c7e748d8b33f694aba9895f95"
    }
  },
  "workspace": {
    "dependencies": [
      "jsr:@cliffy/ansi@^1.0.0-rc.8",
      "jsr:@cliffy/prompt@^1.0.0-rc.8",
      "jsr:@std/assert@1"
    ]
  }
}
